
Microsoft Visual Studio Solution File, Format Version 12.00
# Visual Studio Version 17
VisualStudioVersion = 17.6.33723.286
MinimumVisualStudioVersion = 10.0.40219.1
Project("{9A19103F-16F7-4668-BE54-9A1E7A4F7556}") = "LibraryManagementSystem", "LibraryManagementSystem.csproj", "{B242C479-7F6B-48FC-B0A1-7A4354316574}"
	ProjectSection(ProjectDependencies) = postProject
		{0409D8AC-C91B-4C3D-9CA7-6F1EA282F666} = {0409D8AC-C91B-4C3D-9CA7-6F1EA282F666}
	EndProjectSection
EndProject
Project("{9A19103F-16F7-4668-BE54-9A1E7A4F7556}") = "Library.Domain", "..\Library.Domain\Library.Domain.csproj", "{DD95A8D8-DDB7-42D2-8A49-21AC789FCB61}"
EndProject
Project("{9A19103F-16F7-4668-BE54-9A1E7A4F7556}") = "Library.Infrastructure", "..\Library.Infrastructure\Library.Infrastructure.csproj", "{0409D8AC-C91B-4C3D-9CA7-6F1EA282F666}"
EndProject
Project("{9A19103F-16F7-4668-BE54-9A1E7A4F7556}") = "Library.Application", "..\Library.Application\Library.Application.csproj", "{C0FFBDF3-A2D2-4FDF-A210-F6EB38ADFCA0}"
EndProject
Project("{9A19103F-16F7-4668-BE54-9A1E7A4F7556}") = "Library.UnitTest", "..\Library.UnitTest\Library.UnitTest.csproj", "{6410DE55-4E8E-4A0A-B0F2-977267564C5A}"
EndProject
Project("{9A19103F-16F7-4668-BE54-9A1E7A4F7556}") = "Common.Kafka", "..\..\..\Projects\FineSystemBackup\LibraryFineSystem\LibraryFineSystem\Common.Kafka\Common.Kafka.csproj", "{73DF0CEF-5E55-4C26-B14C-FF4C099DE92B}"
EndProject
Global
	GlobalSection(SolutionConfigurationPlatforms) = preSolution
		Debug|Any CPU = Debug|Any CPU
		Release|Any CPU = Release|Any CPU
	EndGlobalSection
	GlobalSection(ProjectConfigurationPlatforms) = postSolution
		{B242C479-7F6B-48FC-B0A1-7A4354316574}.Debug|Any CPU.ActiveCfg = Debug|Any CPU
		{B242C479-7F6B-48FC-B0A1-7A4354316574}.Debug|Any CPU.Build.0 = Debug|Any CPU
		{B242C479-7F6B-48FC-B0A1-7A4354316574}.Release|Any CPU.ActiveCfg = Release|Any CPU
		{B242C479-7F6B-48FC-B0A1-7A4354316574}.Release|Any CPU.Build.0 = Release|Any CPU
		{DD95A8D8-DDB7-42D2-8A49-21AC789FCB61}.Debug|Any CPU.ActiveCfg = Debug|Any CPU
		{DD95A8D8-DDB7-42D2-8A49-21AC789FCB61}.Debug|Any CPU.Build.0 = Debug|Any CPU
		{DD95A8D8-DDB7-42D2-8A49-21AC789FCB61}.Release|Any CPU.ActiveCfg = Release|Any CPU
		{DD95A8D8-DDB7-42D2-8A49-21AC789FCB61}.Release|Any CPU.Build.0 = Release|Any CPU
		{0409D8AC-C91B-4C3D-9CA7-6F1EA282F666}.Debug|Any CPU.ActiveCfg = Debug|Any CPU
		{0409D8AC-C91B-4C3D-9CA7-6F1EA282F666}.Debug|Any CPU.Build.0 = Debug|Any CPU
		{0409D8AC-C91B-4C3D-9CA7-6F1EA282F666}.Release|Any CPU.ActiveCfg = Release|Any CPU
		{0409D8AC-C91B-4C3D-9CA7-6F1EA282F666}.Release|Any CPU.Build.0 = Release|Any CPU
		{C0FFBDF3-A2D2-4FDF-A210-F6EB38ADFCA0}.Debug|Any CPU.ActiveCfg = Debug|Any CPU
		{C0FFBDF3-A2D2-4FDF-A210-F6EB38ADFCA0}.Debug|Any CPU.Build.0 = Debug|Any CPU
		{C0FFBDF3-A2D2-4FDF-A210-F6EB38ADFCA0}.Release|Any CPU.ActiveCfg = Release|Any CPU
		{C0FFBDF3-A2D2-4FDF-A210-F6EB38ADFCA0}.Release|Any CPU.Build.0 = Release|Any CPU
		{6410DE55-4E8E-4A0A-B0F2-977267564C5A}.Debug|Any CPU.ActiveCfg = Debug|Any CPU
		{6410DE55-4E8E-4A0A-B0F2-977267564C5A}.Debug|Any CPU.Build.0 = Debug|Any CPU
		{6410DE55-4E8E-4A0A-B0F2-977267564C5A}.Release|Any CPU.ActiveCfg = Release|Any CPU
		{6410DE55-4E8E-4A0A-B0F2-977267564C5A}.Release|Any CPU.Build.0 = Release|Any CPU
		{73DF0CEF-5E55-4C26-B14C-FF4C099DE92B}.Debug|Any CPU.ActiveCfg = Debug|Any CPU
		{73DF0CEF-5E55-4C26-B14C-FF4C099DE92B}.Debug|Any CPU.Build.0 = Debug|Any CPU
		{73DF0CEF-5E55-4C26-B14C-FF4C099DE92B}.Release|Any CPU.ActiveCfg = Release|Any CPU
		{73DF0CEF-5E55-4C26-B14C-FF4C099DE92B}.Release|Any CPU.Build.0 = Release|Any CPU
	EndGlobalSection
	GlobalSection(SolutionProperties) = preSolution
		HideSolutionNode = FALSE
	EndGlobalSection
	GlobalSection(ExtensibilityGlobals) = postSolution
		SolutionGuid = {7D20DBE3-35A9-4BB1-B8D1-5385FE556168}
	EndGlobalSection
EndGlobal
