
Microsoft Visual Studio Solution File, Format Version 12.00
# Visual Studio Version 17
VisualStudioVersion = 17.6.33723.286
MinimumVisualStudioVersion = 10.0.40219.1
Project("{FAE04EC0-301F-11D3-BF4B-00C04F79EFBC}") = "LibraryManagementSystem", "LibraryManagementSystem.csproj", "{B242C479-7F6B-48FC-B0A1-7A4354316574}"
EndProject
Project("{FAE04EC0-301F-11D3-BF4B-00C04F79EFBC}") = "Library.Domain", "..\Library.Domain\Library.Domain.csproj", "{DD95A8D8-DDB7-42D2-8A49-21AC789FCB61}"
EndProject
Project("{FAE04EC0-301F-11D3-BF4B-00C04F79EFBC}") = "Library.Infrastructure", "..\Library.Infrastructure\Library.Infrastructure.csproj", "{0409D8AC-C91B-4C3D-9CA7-6F1EA282F666}"
EndProject
Project("{FAE04EC0-301F-11D3-BF4B-00C04F79EFBC}") = "Library.Application", "..\Library.Application\Library.Application.csproj", "{C0FFBDF3-A2D2-4FDF-A210-F6EB38ADFCA0}"
EndProject
Global
	GlobalSection(SolutionConfigurationPlatforms) = preSolution
		Debug|Any CPU = Debug|Any CPU
		Release|Any CPU = Release|Any CPU
	EndGlobalSection
	GlobalSection(ProjectConfigurationPlatforms) = postSolution
		{B242C479-7F6B-48FC-B0A1-7A4354316574}.Debug|Any CPU.ActiveCfg = Debug|Any CPU
		{B242C479-7F6B-48FC-B0A1-7A4354316574}.Debug|Any CPU.Build.0 = Debug|Any CPU
		{B242C479-7F6B-48FC-B0A1-7A4354316574}.Release|Any CPU.ActiveCfg = Release|Any CPU
		{B242C479-7F6B-48FC-B0A1-7A4354316574}.Release|Any CPU.Build.0 = Release|Any CPU
		{DD95A8D8-DDB7-42D2-8A49-21AC789FCB61}.Debug|Any CPU.ActiveCfg = Debug|Any CPU
		{DD95A8D8-DDB7-42D2-8A49-21AC789FCB61}.Debug|Any CPU.Build.0 = Debug|Any CPU
		{DD95A8D8-DDB7-42D2-8A49-21AC789FCB61}.Release|Any CPU.ActiveCfg = Release|Any CPU
		{DD95A8D8-DDB7-42D2-8A49-21AC789FCB61}.Release|Any CPU.Build.0 = Release|Any CPU
		{0409D8AC-C91B-4C3D-9CA7-6F1EA282F666}.Debug|Any CPU.ActiveCfg = Debug|Any CPU
		{0409D8AC-C91B-4C3D-9CA7-6F1EA282F666}.Debug|Any CPU.Build.0 = Debug|Any CPU
		{0409D8AC-C91B-4C3D-9CA7-6F1EA282F666}.Release|Any CPU.ActiveCfg = Release|Any CPU
		{0409D8AC-C91B-4C3D-9CA7-6F1EA282F666}.Release|Any CPU.Build.0 = Release|Any CPU
		{C0FFBDF3-A2D2-4FDF-A210-F6EB38ADFCA0}.Debug|Any CPU.ActiveCfg = Debug|Any CPU
		{C0FFBDF3-A2D2-4FDF-A210-F6EB38ADFCA0}.Debug|Any CPU.Build.0 = Debug|Any CPU
		{C0FFBDF3-A2D2-4FDF-A210-F6EB38ADFCA0}.Release|Any CPU.ActiveCfg = Release|Any CPU
		{C0FFBDF3-A2D2-4FDF-A210-F6EB38ADFCA0}.Release|Any CPU.Build.0 = Release|Any CPU
	EndGlobalSection
	GlobalSection(SolutionProperties) = preSolution
		HideSolutionNode = FALSE
	EndGlobalSection
	GlobalSection(ExtensibilityGlobals) = postSolution
		SolutionGuid = {7D20DBE3-35A9-4BB1-B8D1-5385FE556168}
	EndGlobalSection
EndGlobal
